
Microsoft Visual Studio Solution File, Format Version 12.00
# Visual Studio Version 17
VisualStudioVersion = 17.13.35828.75 d17.13
MinimumVisualStudioVersion = 10.0.40219.1
Project("{FAE04EC0-301F-11D3-BF4B-00C04F79EFBC}") = "VeterinerKlinik", "VeterinerKlinik\VeterinerKlinik.csproj", "{2187FC7C-6F2D-415D-89B4-2BD36688F86A}"
EndProject
Global
	GlobalSection(SolutionConfigurationPlatforms) = preSolution
		Debug|Any CPU = Debug|Any CPU
		Release|Any CPU = Release|Any CPU
	EndGlobalSection
	GlobalSection(ProjectConfigurationPlatforms) = postSolution
		{2187FC7C-6F2D-415D-89B4-2BD36688F86A}.Debug|Any CPU.ActiveCfg = Debug|Any CPU
		{2187FC7C-6F2D-415D-89B4-2BD36688F86A}.Debug|Any CPU.Build.0 = Debug|Any CPU
		{2187FC7C-6F2D-415D-89B4-2BD36688F86A}.Release|Any CPU.ActiveCfg = Release|Any CPU
		{2187FC7C-6F2D-415D-89B4-2BD36688F86A}.Release|Any CPU.Build.0 = Release|Any CPU
	EndGlobalSection
	GlobalSection(SolutionProperties) = preSolution
		HideSolutionNode = FALSE
	EndGlobalSection
	GlobalSection(ExtensibilityGlobals) = postSolution
		SolutionGuid = {5FA91ADD-C992-4948-BBB6-F5B54C115A0E}
	EndGlobalSection
EndGlobal
